
Microsoft Visual Studio Solution File, Format Version 12.00
Project("{FAE04EC0-301F-11D3-BF4B-00C04F79EFBC}") = "DigitalMentor", "DigitalMentor\DigitalMentor.csproj", "{7FFEB5AB-F13F-4FF9-9DB2-CF03191599D3}"
EndProject
Global
	GlobalSection(SolutionConfigurationPlatforms) = preSolution
		Debug|Any CPU = Debug|Any CPU
		Release|Any CPU = Release|Any CPU
	EndGlobalSection
	GlobalSection(ProjectConfigurationPlatforms) = postSolution
		{7FFEB5AB-F13F-4FF9-9DB2-CF03191599D3}.Debug|Any CPU.ActiveCfg = Debug|Any CPU
		{7FFEB5AB-F13F-4FF9-9DB2-CF03191599D3}.Debug|Any CPU.Build.0 = Debug|Any CPU
		{7FFEB5AB-F13F-4FF9-9DB2-CF03191599D3}.Release|Any CPU.ActiveCfg = Release|Any CPU
		{7FFEB5AB-F13F-4FF9-9DB2-CF03191599D3}.Release|Any CPU.Build.0 = Release|Any CPU
	EndGlobalSection
EndGlobal
